
Microsoft Visual Studio Solution File, Format Version 12.00
# Visual Studio 2012
Project("{FAE04EC0-301F-11D3-BF4B-00C04F79EFBC}") = "Demo_Selfhost", "Demo_Selfhost\Demo_Selfhost.csproj", "{03163B27-94B2-467D-B28F-8FC13E470E23}"
EndProject
Project("{2150E333-8FDC-42A3-9474-1A3956D46DE8}") = ".nuget", ".nuget", "{F6F12CC1-65DA-4895-B249-A8ACB5D82383}"
	ProjectSection(SolutionItems) = preProject
		.nuget\NuGet.Config = .nuget\NuGet.Config
		.nuget\NuGet.exe = .nuget\NuGet.exe
		.nuget\NuGet.targets = .nuget\NuGet.targets
	EndProjectSection
EndProject
Project("{FAE04EC0-301F-11D3-BF4B-00C04F79EFBC}") = "Demo_Aspnethost", "Demo_Aspnethost\Demo_Aspnethost.csproj", "{848620AB-5549-4225-829B-0AAB1D00ABB4}"
EndProject
Project("{FAE04EC0-301F-11D3-BF4B-00C04F79EFBC}") = "Demo_Catalogo_app", "Demo_Catalogo_app\Demo_Catalogo_app.csproj", "{8A8F79A3-6FD1-4EDD-A1EB-9BAFF2528B97}"
EndProject
Project("{FAE04EC0-301F-11D3-BF4B-00C04F79EFBC}") = "Demo_Catalogo_app.Testes", "Demo_Catalogo_app.Testes\Demo_Catalogo_app.Testes.csproj", "{3CC79C68-2761-41B7-85C3-AEAB581A3B55}"
EndProject
Global
	GlobalSection(SolutionConfigurationPlatforms) = preSolution
		Debug|Any CPU = Debug|Any CPU
		Release|Any CPU = Release|Any CPU
	EndGlobalSection
	GlobalSection(ProjectConfigurationPlatforms) = postSolution
		{03163B27-94B2-467D-B28F-8FC13E470E23}.Debug|Any CPU.ActiveCfg = Debug|Any CPU
		{03163B27-94B2-467D-B28F-8FC13E470E23}.Debug|Any CPU.Build.0 = Debug|Any CPU
		{03163B27-94B2-467D-B28F-8FC13E470E23}.Release|Any CPU.ActiveCfg = Release|Any CPU
		{03163B27-94B2-467D-B28F-8FC13E470E23}.Release|Any CPU.Build.0 = Release|Any CPU
		{848620AB-5549-4225-829B-0AAB1D00ABB4}.Debug|Any CPU.ActiveCfg = Debug|Any CPU
		{848620AB-5549-4225-829B-0AAB1D00ABB4}.Debug|Any CPU.Build.0 = Debug|Any CPU
		{848620AB-5549-4225-829B-0AAB1D00ABB4}.Release|Any CPU.ActiveCfg = Release|Any CPU
		{848620AB-5549-4225-829B-0AAB1D00ABB4}.Release|Any CPU.Build.0 = Release|Any CPU
		{8A8F79A3-6FD1-4EDD-A1EB-9BAFF2528B97}.Debug|Any CPU.ActiveCfg = Debug|Any CPU
		{8A8F79A3-6FD1-4EDD-A1EB-9BAFF2528B97}.Debug|Any CPU.Build.0 = Debug|Any CPU
		{8A8F79A3-6FD1-4EDD-A1EB-9BAFF2528B97}.Release|Any CPU.ActiveCfg = Release|Any CPU
		{8A8F79A3-6FD1-4EDD-A1EB-9BAFF2528B97}.Release|Any CPU.Build.0 = Release|Any CPU
		{3CC79C68-2761-41B7-85C3-AEAB581A3B55}.Debug|Any CPU.ActiveCfg = Debug|Any CPU
		{3CC79C68-2761-41B7-85C3-AEAB581A3B55}.Debug|Any CPU.Build.0 = Debug|Any CPU
		{3CC79C68-2761-41B7-85C3-AEAB581A3B55}.Release|Any CPU.ActiveCfg = Release|Any CPU
		{3CC79C68-2761-41B7-85C3-AEAB581A3B55}.Release|Any CPU.Build.0 = Release|Any CPU
	EndGlobalSection
	GlobalSection(SolutionProperties) = preSolution
		HideSolutionNode = FALSE
	EndGlobalSection
EndGlobal
